
Microsoft Visual Studio Solution File, Format Version 12.00
# Visual Studio 15
VisualStudioVersion = 15.0.26430.6
MinimumVisualStudioVersion = 10.0.40219.1
Project("{FAE04EC0-301F-11D3-BF4B-00C04F79EFBC}") = "JeopardyGame", "JeopardyGame\JeopardyGame.csproj", "{CDCA9068-143A-4699-A81A-85B40D537104}"
EndProject
Global
	GlobalSection(SolutionConfigurationPlatforms) = preSolution
		Debug|Any CPU = Debug|Any CPU
		Release|Any CPU = Release|Any CPU
	EndGlobalSection
	GlobalSection(ProjectConfigurationPlatforms) = postSolution
		{CDCA9068-143A-4699-A81A-85B40D537104}.Debug|Any CPU.ActiveCfg = Debug|Any CPU
		{CDCA9068-143A-4699-A81A-85B40D537104}.Debug|Any CPU.Build.0 = Debug|Any CPU
		{CDCA9068-143A-4699-A81A-85B40D537104}.Release|Any CPU.ActiveCfg = Release|Any CPU
		{CDCA9068-143A-4699-A81A-85B40D537104}.Release|Any CPU.Build.0 = Release|Any CPU
	EndGlobalSection
	GlobalSection(SolutionProperties) = preSolution
		HideSolutionNode = FALSE
	EndGlobalSection
EndGlobal
